
Microsoft Visual Studio Solution File, Format Version 12.00
# Visual Studio Version 17
VisualStudioVersion = 17.7.34221.43
MinimumVisualStudioVersion = 10.0.40219.1
Project("{9A19103F-16F7-4668-BE54-9A1E7A4F7556}") = "Palindrome", "Palindrome.csproj", "{64BEC820-4283-41A4-A1F5-213C65ADC740}"
EndProject
Project("{FAE04EC0-301F-11D3-BF4B-00C04F79EFBC}") = "Palindrome.UnitTests", "..\Palindrome.UnitTests\Palindrome.UnitTests.csproj", "{3D0F9292-A137-4799-90BA-4CC9BF6E96EB}"
EndProject
Global
	GlobalSection(SolutionConfigurationPlatforms) = preSolution
		Debug|Any CPU = Debug|Any CPU
		Release|Any CPU = Release|Any CPU
	EndGlobalSection
	GlobalSection(ProjectConfigurationPlatforms) = postSolution
		{64BEC820-4283-41A4-A1F5-213C65ADC740}.Debug|Any CPU.ActiveCfg = Debug|Any CPU
		{64BEC820-4283-41A4-A1F5-213C65ADC740}.Debug|Any CPU.Build.0 = Debug|Any CPU
		{64BEC820-4283-41A4-A1F5-213C65ADC740}.Release|Any CPU.ActiveCfg = Release|Any CPU
		{64BEC820-4283-41A4-A1F5-213C65ADC740}.Release|Any CPU.Build.0 = Release|Any CPU
		{3D0F9292-A137-4799-90BA-4CC9BF6E96EB}.Debug|Any CPU.ActiveCfg = Debug|Any CPU
		{3D0F9292-A137-4799-90BA-4CC9BF6E96EB}.Debug|Any CPU.Build.0 = Debug|Any CPU
		{3D0F9292-A137-4799-90BA-4CC9BF6E96EB}.Release|Any CPU.ActiveCfg = Release|Any CPU
		{3D0F9292-A137-4799-90BA-4CC9BF6E96EB}.Release|Any CPU.Build.0 = Release|Any CPU
	EndGlobalSection
	GlobalSection(SolutionProperties) = preSolution
		HideSolutionNode = FALSE
	EndGlobalSection
	GlobalSection(ExtensibilityGlobals) = postSolution
		SolutionGuid = {DDF88F15-4A3D-4816-90F4-8B88FE03617D}
	EndGlobalSection
EndGlobal
