
Microsoft Visual Studio Solution File, Format Version 12.00
# Visual Studio Version 17
VisualStudioVersion = 17.7.34221.43
MinimumVisualStudioVersion = 10.0.40219.1
Project("{9A19103F-16F7-4668-BE54-9A1E7A4F7556}") = "StaticStack", "StaticStack.csproj", "{8275FCDD-1C61-45FF-8040-CBBB3443F4AB}"
EndProject
Project("{FAE04EC0-301F-11D3-BF4B-00C04F79EFBC}") = "StaticStack.UnitTests", "..\StaticStack.UnitTests\StaticStack.UnitTests.csproj", "{15AF5B94-B1E8-4EB1-8560-83B927068932}"
EndProject
Global
	GlobalSection(SolutionConfigurationPlatforms) = preSolution
		Debug|Any CPU = Debug|Any CPU
		Release|Any CPU = Release|Any CPU
	EndGlobalSection
	GlobalSection(ProjectConfigurationPlatforms) = postSolution
		{8275FCDD-1C61-45FF-8040-CBBB3443F4AB}.Debug|Any CPU.ActiveCfg = Debug|Any CPU
		{8275FCDD-1C61-45FF-8040-CBBB3443F4AB}.Debug|Any CPU.Build.0 = Debug|Any CPU
		{8275FCDD-1C61-45FF-8040-CBBB3443F4AB}.Release|Any CPU.ActiveCfg = Release|Any CPU
		{8275FCDD-1C61-45FF-8040-CBBB3443F4AB}.Release|Any CPU.Build.0 = Release|Any CPU
		{15AF5B94-B1E8-4EB1-8560-83B927068932}.Debug|Any CPU.ActiveCfg = Debug|Any CPU
		{15AF5B94-B1E8-4EB1-8560-83B927068932}.Debug|Any CPU.Build.0 = Debug|Any CPU
		{15AF5B94-B1E8-4EB1-8560-83B927068932}.Release|Any CPU.ActiveCfg = Release|Any CPU
		{15AF5B94-B1E8-4EB1-8560-83B927068932}.Release|Any CPU.Build.0 = Release|Any CPU
	EndGlobalSection
	GlobalSection(SolutionProperties) = preSolution
		HideSolutionNode = FALSE
	EndGlobalSection
	GlobalSection(ExtensibilityGlobals) = postSolution
		SolutionGuid = {7A7523C8-BD0E-4B55-8F67-D490FD668C42}
	EndGlobalSection
EndGlobal
